
Microsoft Visual Studio Solution File, Format Version 12.00
# Visual Studio Version 16
VisualStudioVersion = 16.0.30717.126
MinimumVisualStudioVersion = 10.0.40219.1
Project("{FAE04EC0-301F-11D3-BF4B-00C04F79EFBC}") = "Індексатор", "Індексатор\Індексатор.csproj", "{1F383DBA-D999-4B93-BD83-4C166F9D924F}"
EndProject
Global
	GlobalSection(SolutionConfigurationPlatforms) = preSolution
		Debug|Any CPU = Debug|Any CPU
		Release|Any CPU = Release|Any CPU
	EndGlobalSection
	GlobalSection(ProjectConfigurationPlatforms) = postSolution
		{1F383DBA-D999-4B93-BD83-4C166F9D924F}.Debug|Any CPU.ActiveCfg = Debug|Any CPU
		{1F383DBA-D999-4B93-BD83-4C166F9D924F}.Debug|Any CPU.Build.0 = Debug|Any CPU
		{1F383DBA-D999-4B93-BD83-4C166F9D924F}.Release|Any CPU.ActiveCfg = Release|Any CPU
		{1F383DBA-D999-4B93-BD83-4C166F9D924F}.Release|Any CPU.Build.0 = Release|Any CPU
	EndGlobalSection
	GlobalSection(SolutionProperties) = preSolution
		HideSolutionNode = FALSE
	EndGlobalSection
	GlobalSection(ExtensibilityGlobals) = postSolution
		SolutionGuid = {3CC71F6A-EAEB-4C8F-88FC-002F0A0795AE}
	EndGlobalSection
EndGlobal
